
Microsoft Visual Studio Solution File, Format Version 12.00
# Visual Studio Version 16
VisualStudioVersion = 16.0.29926.136
MinimumVisualStudioVersion = 10.0.40219.1
Project("{FAE04EC0-301F-11D3-BF4B-00C04F79EFBC}") = "puzzleGame", "puzzleGame\puzzleGame.csproj", "{320C5E28-014A-44DC-BBEC-AFB62333F881}"
EndProject
Global
	GlobalSection(SolutionConfigurationPlatforms) = preSolution
		Debug|Any CPU = Debug|Any CPU
		Release|Any CPU = Release|Any CPU
	EndGlobalSection
	GlobalSection(ProjectConfigurationPlatforms) = postSolution
		{320C5E28-014A-44DC-BBEC-AFB62333F881}.Debug|Any CPU.ActiveCfg = Debug|Any CPU
		{320C5E28-014A-44DC-BBEC-AFB62333F881}.Debug|Any CPU.Build.0 = Debug|Any CPU
		{320C5E28-014A-44DC-BBEC-AFB62333F881}.Release|Any CPU.ActiveCfg = Release|Any CPU
		{320C5E28-014A-44DC-BBEC-AFB62333F881}.Release|Any CPU.Build.0 = Release|Any CPU
	EndGlobalSection
	GlobalSection(SolutionProperties) = preSolution
		HideSolutionNode = FALSE
	EndGlobalSection
	GlobalSection(ExtensibilityGlobals) = postSolution
		SolutionGuid = {2E34CDDD-CF84-4459-B320-E642682AE845}
	EndGlobalSection
EndGlobal
